// !$*UTF8*$!
{
	archiveVersion = 1;
	classes = {
	};
	objectVersion = 46;
	objects = {

/* Begin PBXBuildFile section */
		96F07ECC1ABE551700FAAC6E /* main.m in Sources */ = {isa = PBXBuildFile; fileRef = 96F07ECB1ABE551700FAAC6E /* main.m */; };
		96F07ECF1ABE551700FAAC6E /* AppDelegate.m in Sources */ = {isa = PBXBuildFile; fileRef = 96F07ECE1ABE551700FAAC6E /* AppDelegate.m */; };
		96F07ED21ABE551700FAAC6E /* ViewController.m in Sources */ = {isa = PBXBuildFile; fileRef = 96F07ED11ABE551700FAAC6E /* ViewController.m */; };
		96F07ED51ABE551700FAAC6E /* Main.storyboard in Resources */ = {isa = PBXBuildFile; fileRef = 96F07ED31ABE551700FAAC6E /* Main.storyboard */; };
		96F07ED71ABE551700FAAC6E /* Images.xcassets in Resources */ = {isa = PBXBuildFile; fileRef = 96F07ED61ABE551700FAAC6E /* Images.xcassets */; };
		96F07EDA1ABE551700FAAC6E /* LaunchScreen.xib in Resources */ = {isa = PBXBuildFile; fileRef = 96F07ED81ABE551700FAAC6E /* LaunchScreen.xib */; };
		96F07EE61ABE551700FAAC6E /* ZCDatePickerButtonTests.m in Sources */ = {isa = PBXBuildFile; fileRef = 96F07EE51ABE551700FAAC6E /* ZCDatePickerButtonTests.m */; };
		96F07EF11ABE554500FAAC6E /* ZC_InputViewButton.m in Sources */ = {isa = PBXBuildFile; fileRef = 96F07EF01ABE554500FAAC6E /* ZC_InputViewButton.m */; };
/* End PBXBuildFile section */

/* Begin PBXContainerItemProxy section */
		96F07EE01ABE551700FAAC6E /* PBXContainerItemProxy */ = {
			isa = PBXContainerItemProxy;
			containerPortal = 96F07EBE1ABE551700FAAC6E /* Project object */;
			proxyType = 1;
			remoteGlobalIDString = 96F07EC51ABE551700FAAC6E;
			remoteInfo = ZCDatePickerButton;
		};
/* End PBXContainerItemProxy section */

/* Begin PBXFileReference section */
		96F07EC61ABE551700FAAC6E /* ZCDatePickerButton.app */ = {isa = PBXFileReference; explicitFileType = wrapper.application; includeInIndex = 0; path = ZCDatePickerButton.app; sourceTree = BUILT_PRODUCTS_DIR; };
		96F07ECA1ABE551700FAAC6E /* Info.plist */ = {isa = PBXFileReference; lastKnownFileType = text.plist.xml; path = Info.plist; sourceTree = "<group>"; };
		96F07ECB1ABE551700FAAC6E /* main.m */ = {isa = PBXFileReference; lastKnownFileType = sourcecode.c.objc; path = main.m; sourceTree = "<group>"; };
		96F07ECD1ABE551700FAAC6E /* AppDelegate.h */ = {isa = PBXFileReference; lastKnownFileType = sourcecode.c.h; path = AppDelegate.h; sourceTree = "<group>"; };
		96F07ECE1ABE551700FAAC6E /* AppDelegate.m */ = {isa = PBXFileReference; lastKnownFileType = sourcecode.c.objc; path = AppDelegate.m; sourceTree = "<group>"; };
		96F07ED01ABE551700FAAC6E /* ViewController.h */ = {isa = PBXFileReference; lastKnownFileType = sourcecode.c.h; path = ViewController.h; sourceTree = "<group>"; };
		96F07ED11ABE551700FAAC6E /* ViewController.m */ = {isa = PBXFileReference; lastKnownFileType = sourcecode.c.objc; path = ViewController.m; sourceTree = "<group>"; };
		96F07ED41ABE551700FAAC6E /* Base */ = {isa = PBXFileReference; lastKnownFileType = file.storyboard; name = Base; path = Base.lproj/Main.storyboard; sourceTree = "<group>"; };
		96F07ED61ABE551700FAAC6E /* Images.xcassets */ = {isa = PBXFileReference; lastKnownFileType = folder.assetcatalog; path = Images.xcassets; sourceTree = "<group>"; };
		96F07ED91ABE551700FAAC6E /* Base */ = {isa = PBXFileReference; lastKnownFileType = file.xib; name = Base; path = Base.lproj/LaunchScreen.xib; sourceTree = "<group>"; };
		96F07EDF1ABE551700FAAC6E /* ZCDatePickerButtonTests.xctest */ = {isa = PBXFileReference; explicitFileType = wrapper.cfbundle; includeInIndex = 0; path = ZCDatePickerButtonTests.xctest; sourceTree = BUILT_PRODUCTS_DIR; };
		96F07EE41ABE551700FAAC6E /* Info.plist */ = {isa = PBXFileReference; lastKnownFileType = text.plist.xml; path = Info.plist; sourceTree = "<group>"; };
		96F07EE51ABE551700FAAC6E /* ZCDatePickerButtonTests.m */ = {isa = PBXFileReference; lastKnownFileType = sourcecode.c.objc; path = ZCDatePickerButtonTests.m; sourceTree = "<group>"; };
		96F07EEF1ABE554500FAAC6E /* ZC_InputViewButton.h */ = {isa = PBXFileReference; fileEncoding = 4; lastKnownFileType = sourcecode.c.h; path = ZC_InputViewButton.h; sourceTree = "<group>"; };
		96F07EF01ABE554500FAAC6E /* ZC_InputViewButton.m */ = {isa = PBXFileReference; fileEncoding = 4; lastKnownFileType = sourcecode.c.objc; path = ZC_InputViewButton.m; sourceTree = "<group>"; };
/* End PBXFileReference section */

/* Begin PBXFrameworksBuildPhase section */
		96F07EC31ABE551700FAAC6E /* Frameworks */ = {
			isa = PBXFrameworksBuildPhase;
			buildActionMask = 2147483647;
			files = (
			);
			runOnlyForDeploymentPostprocessing = 0;
		};
		96F07EDC1ABE551700FAAC6E /* Frameworks */ = {
			isa = PBXFrameworksBuildPhase;
			buildActionMask = 2147483647;
			files = (
			);
			runOnlyForDeploymentPostprocessing = 0;
		};
/* End PBXFrameworksBuildPhase section */

/* Begin PBXGroup section */
		96F07EBD1ABE551700FAAC6E = {
			isa = PBXGroup;
			children = (
				96F07EC81ABE551700FAAC6E /* ZCDatePickerButton */,
				96F07EE21ABE551700FAAC6E /* ZCDatePickerButtonTests */,
				96F07EC71ABE551700FAAC6E /* Products */,
			);
			sourceTree = "<group>";
		};
		96F07EC71ABE551700FAAC6E /* Products */ = {
			isa = PBXGroup;
			children = (
				96F07EC61ABE551700FAAC6E /* ZCDatePickerButton.app */,
				96F07EDF1ABE551700FAAC6E /* ZCDatePickerButtonTests.xctest */,
			);
			name = Products;
			sourceTree = "<group>";
		};
		96F07EC81ABE551700FAAC6E /* ZCDatePickerButton */ = {
			isa = PBXGroup;
			children = (
				96F07EEF1ABE554500FAAC6E /* ZC_InputViewButton.h */,
				96F07EF01ABE554500FAAC6E /* ZC_InputViewButton.m */,
				96F07ECD1ABE551700FAAC6E /* AppDelegate.h */,
				96F07ECE1ABE551700FAAC6E /* AppDelegate.m */,
				96F07ED01ABE551700FAAC6E /* ViewController.h */,
				96F07ED11ABE551700FAAC6E /* ViewController.m */,
				96F07ED31ABE551700FAAC6E /* Main.storyboard */,
				96F07ED61ABE551700FAAC6E /* Images.xcassets */,
				96F07ED81ABE551700FAAC6E /* LaunchScreen.xib */,
				96F07EC91ABE551700FAAC6E /* Supporting Files */,
			);
			path = ZCDatePickerButton;
			sourceTree = "<group>";
		};
		96F07EC91ABE551700FAAC6E /* Supporting Files */ = {
			isa = PBXGroup;
			children = (
				96F07ECA1ABE551700FAAC6E /* Info.plist */,
				96F07ECB1ABE551700FAAC6E /* main.m */,
			);
			name = "Supporting Files";
			sourceTree = "<group>";
		};
		96F07EE21ABE551700FAAC6E /* ZCDatePickerButtonTests */ = {
			isa = PBXGroup;
			children = (
				96F07EE51ABE551700FAAC6E /* ZCDatePickerButtonTests.m */,
				96F07EE31ABE551700FAAC6E /* Supporting Files */,
			);
			path = ZCDatePickerButtonTests;
			sourceTree = "<group>";
		};
		96F07EE31ABE551700FAAC6E /* Supporting Files */ = {
			isa = PBXGroup;
			children = (
				96F07EE41ABE551700FAAC6E /* Info.plist */,
			);
			name = "Supporting Files";
			sourceTree = "<group>";
		};
/* End PBXGroup section */

/* Begin PBXNativeTarget section */
		96F07EC51ABE551700FAAC6E /* ZCDatePickerButton */ = {
			isa = PBXNativeTarget;
			buildConfigurationList = 96F07EE91ABE551700FAAC6E /* Build configuration list for PBXNativeTarget "ZCDatePickerButton" */;
			buildPhases = (
				96F07EC21ABE551700FAAC6E /* Sources */,
				96F07EC31ABE551700FAAC6E /* Frameworks */,
				96F07EC41ABE551700FAAC6E /* Resources */,
			);
			buildRules = (
			);
			dependencies = (
			);
			name = ZCDatePickerButton;
			productName = ZCDatePickerButton;
			productReference = 96F07EC61ABE551700FAAC6E /* ZCDatePickerButton.app */;
			productType = "com.apple.product-type.application";
		};
		96F07EDE1ABE551700FAAC6E /* ZCDatePickerButtonTests */ = {
			isa = PBXNativeTarget;
			buildConfigurationList = 96F07EEC1ABE551700FAAC6E /* Build configuration list for PBXNativeTarget "ZCDatePickerButtonTests" */;
			buildPhases = (
				96F07EDB1ABE551700FAAC6E /* Sources */,
				96F07EDC1ABE551700FAAC6E /* Frameworks */,
				96F07EDD1ABE551700FAAC6E /* Resources */,
			);
			buildRules = (
			);
			dependencies = (
				96F07EE11ABE551700FAAC6E /* PBXTargetDependency */,
			);
			name = ZCDatePickerButtonTests;
			productName = ZCDatePickerButtonTests;
			productReference = 96F07EDF1ABE551700FAAC6E /* ZCDatePickerButtonTests.xctest */;
			productType = "com.apple.product-type.bundle.unit-test";
		};
/* End PBXNativeTarget section */

/* Begin PBXProject section */
		96F07EBE1ABE551700FAAC6E /* Project object */ = {
			isa = PBXProject;
			attributes = {
				LastUpgradeCheck = 0620;
				ORGANIZATIONNAME = Jason;
				TargetAttributes = {
					96F07EC51ABE551700FAAC6E = {
						CreatedOnToolsVersion = 6.2;
					};
					96F07EDE1ABE551700FAAC6E = {
						CreatedOnToolsVersion = 6.2;
						TestTargetID = 96F07EC51ABE551700FAAC6E;
					};
				};
			};
			buildConfigurationList = 96F07EC11ABE551700FAAC6E /* Build configuration list for PBXProject "ZCDatePickerButton" */;
			compatibilityVersion = "Xcode 3.2";
			developmentRegion = English;
			hasScannedForEncodings = 0;
			knownRegions = (
				en,
				Base,
			);
			mainGroup = 96F07EBD1ABE551700FAAC6E;
			productRefGroup = 96F07EC71ABE551700FAAC6E /* Products */;
			projectDirPath = "";
			projectRoot = "";
			targets = (
				96F07EC51ABE551700FAAC6E /* ZCDatePickerButton */,
				96F07EDE1ABE551700FAAC6E /* ZCDatePickerButtonTests */,
			);
		};
/* End PBXProject section */

/* Begin PBXResourcesBuildPhase section */
		96F07EC41ABE551700FAAC6E /* Resources */ = {
			isa = PBXResourcesBuildPhase;
			buildActionMask = 2147483647;
			files = (
				96F07ED51ABE551700FAAC6E /* Main.storyboard in Resources */,
				96F07EDA1ABE551700FAAC6E /* LaunchScreen.xib in Resources */,
				96F07ED71ABE551700FAAC6E /* Images.xcassets in Resources */,
			);
			runOnlyForDeploymentPostprocessing = 0;
		};
		96F07EDD1ABE551700FAAC6E /* Resources */ = {
			isa = PBXResourcesBuildPhase;
			buildActionMask = 2147483647;
			files = (
			);
			runOnlyForDeploymentPostprocessing = 0;
		};
/* End PBXResourcesBuildPhase section */

/* Begin PBXSourcesBuildPhase section */
		96F07EC21ABE551700FAAC6E /* Sources */ = {
			isa = PBXSourcesBuildPhase;
			buildActionMask = 2147483647;
			files = (
				96F07ED21ABE551700FAAC6E /* ViewController.m in Sources */,
				96F07ECF1ABE551700FAAC6E /* AppDelegate.m in Sources */,
				96F07EF11ABE554500FAAC6E /* ZC_InputViewButton.m in Sources */,
				96F07ECC1ABE551700FAAC6E /* main.m in Sources */,
			);
			runOnlyForDeploymentPostprocessing = 0;
		};
		96F07EDB1ABE551700FAAC6E /* Sources */ = {
			isa = PBXSourcesBuildPhase;
			buildActionMask = 2147483647;
			files = (
				96F07EE61ABE551700FAAC6E /* ZCDatePickerButtonTests.m in Sources */,
			);
			runOnlyForDeploymentPostprocessing = 0;
		};
/* End PBXSourcesBuildPhase section */

/* Begin PBXTargetDependency section */
		96F07EE11ABE551700FAAC6E /* PBXTargetDependency */ = {
			isa = PBXTargetDependency;
			target = 96F07EC51ABE551700FAAC6E /* ZCDatePickerButton */;
			targetProxy = 96F07EE01ABE551700FAAC6E /* PBXContainerItemProxy */;
		};
/* End PBXTargetDependency section */

/* Begin PBXVariantGroup section */
		96F07ED31ABE551700FAAC6E /* Main.storyboard */ = {
			isa = PBXVariantGroup;
			children = (
				96F07ED41ABE551700FAAC6E /* Base */,
			);
			name = Main.storyboard;
			sourceTree = "<group>";
		};
		96F07ED81ABE551700FAAC6E /* LaunchScreen.xib */ = {
			isa = PBXVariantGroup;
			children = (
				96F07ED91ABE551700FAAC6E /* Base */,
			);
			name = LaunchScreen.xib;
			sourceTree = "<group>";
		};
/* End PBXVariantGroup section */

/* Begin XCBuildConfiguration section */
		96F07EE71ABE551700FAAC6E /* Debug */ = {
			isa = XCBuildConfiguration;
			buildSettings = {
				ALWAYS_SEARCH_USER_PATHS = NO;
				CLANG_CXX_LANGUAGE_STANDARD = "gnu++0x";
				CLANG_CXX_LIBRARY = "libc++";
				CLANG_ENABLE_MODULES = YES;
				CLANG_ENABLE_OBJC_ARC = YES;
				CLANG_WARN_BOOL_CONVERSION = YES;
				CLANG_WARN_CONSTANT_CONVERSION = YES;
				CLANG_WARN_DIRECT_OBJC_ISA_USAGE = YES_ERROR;
				CLANG_WARN_EMPTY_BODY = YES;
				CLANG_WARN_ENUM_CONVERSION = YES;
				CLANG_WARN_INT_CONVERSION = YES;
				CLANG_WARN_OBJC_ROOT_CLASS = YES_ERROR;
				CLANG_WARN_UNREACHABLE_CODE = YES;
				CLANG_WARN__DUPLICATE_METHOD_MATCH = YES;
				"CODE_SIGN_IDENTITY[sdk=iphoneos*]" = "iPhone Developer";
				COPY_PHASE_STRIP = NO;
				ENABLE_STRICT_OBJC_MSGSEND = YES;
				GCC_C_LANGUAGE_STANDARD = gnu99;
				GCC_DYNAMIC_NO_PIC = NO;
				GCC_OPTIMIZATION_LEVEL = 0;
				GCC_PREPROCESSOR_DEFINITIONS = (
					"DEBUG=1",
					"$(inherited)",
				);
				GCC_SYMBOLS_PRIVATE_EXTERN = NO;
				GCC_WARN_64_TO_32_BIT_CONVERSION = YES;
				GCC_WARN_ABOUT_RETURN_TYPE = YES_ERROR;
				GCC_WARN_UNDECLARED_SELECTOR = YES;
				GCC_WARN_UNINITIALIZED_AUTOS = YES_AGGRESSIVE;
				GCC_WARN_UNUSED_FUNCTION = YES;
				GCC_WARN_UNUSED_VARIABLE = YES;
				IPHONEOS_DEPLOYMENT_TARGET = 8.2;
				MTL_ENABLE_DEBUG_INFO = YES;
				ONLY_ACTIVE_ARCH = YES;
				SDKROOT = iphoneos;
				TARGETED_DEVICE_FAMILY = "1,2";
			};
			name = Debug;
		};
		96F07EE81ABE551700FAAC6E /* Release */ = {
			isa = XCBuildConfiguration;
			buildSettings = {
				ALWAYS_SEARCH_USER_PATHS = NO;
				CLANG_CXX_LANGUAGE_STANDARD = "gnu++0x";
				CLANG_CXX_LIBRARY = "libc++";
				CLANG_ENABLE_MODULES = YES;
				CLANG_ENABLE_OBJC_ARC = YES;
				CLANG_WARN_BOOL_CONVERSION = YES;
				CLANG_WARN_CONSTANT_CONVERSION = YES;
				CLANG_WARN_DIRECT_OBJC_ISA_USAGE = YES_ERROR;
				CLANG_WARN_EMPTY_BODY = YES;
				CLANG_WARN_ENUM_CONVERSION = YES;
				CLANG_WARN_INT_CONVERSION = YES;
				CLANG_WARN_OBJC_ROOT_CLASS = YES_ERROR;
				CLANG_WARN_UNREACHABLE_CODE = YES;
				CLANG_WARN__DUPLICATE_METHOD_MATCH = YES;
				"CODE_SIGN_IDENTITY[sdk=iphoneos*]" = "iPhone Developer";
				COPY_PHASE_STRIP = NO;
				ENABLE_NS_ASSERTIONS = NO;
				ENABLE_STRICT_OBJC_MSGSEND = YES;
				GCC_C_LANGUAGE_STANDARD = gnu99;
				GCC_WARN_64_TO_32_BIT_CONVERSION = YES;
				GCC_WARN_ABOUT_RETURN_TYPE = YES_ERROR;
				GCC_WARN_UNDECLARED_SELECTOR = YES;
				GCC_WARN_UNINITIALIZED_AUTOS = YES_AGGRESSIVE;
				GCC_WARN_UNUSED_FUNCTION = YES;
				GCC_WARN_UNUSED_VARIABLE = YES;
				IPHONEOS_DEPLOYMENT_TARGET = 8.2;
				MTL_ENABLE_DEBUG_INFO = NO;
				SDKROOT = iphoneos;
				TARGETED_DEVICE_FAMILY = "1,2";
				VALIDATE_PRODUCT = YES;
			};
			name = Release;
		};
		96F07EEA1ABE551700FAAC6E /* Debug */ = {
			isa = XCBuildConfiguration;
			buildSettings = {
				ASSETCATALOG_COMPILER_APPICON_NAME = AppIcon;
				INFOPLIST_FILE = ZCDatePickerButton/Info.plist;
				LD_RUNPATH_SEARCH_PATHS = "$(inherited) @executable_path/Frameworks";
				PRODUCT_NAME = "$(TARGET_NAME)";
			};
			name = Debug;
		};
		96F07EEB1ABE551700FAAC6E /* Release */ = {
			isa = XCBuildConfiguration;
			buildSettings = {
				ASSETCATALOG_COMPILER_APPICON_NAME = AppIcon;
				INFOPLIST_FILE = ZCDatePickerButton/Info.plist;
				LD_RUNPATH_SEARCH_PATHS = "$(inherited) @executable_path/Frameworks";
				PRODUCT_NAME = "$(TARGET_NAME)";
			};
			name = Release;
		};
		96F07EED1ABE551700FAAC6E /* Debug */ = {
			isa = XCBuildConfiguration;
			buildSettings = {
				BUNDLE_LOADER = "$(TEST_HOST)";
				FRAMEWORK_SEARCH_PATHS = (
					"$(SDKROOT)/Developer/Library/Frameworks",
					"$(inherited)",
				);
				GCC_PREPROCESSOR_DEFINITIONS = (
					"DEBUG=1",
					"$(inherited)",
				);
				INFOPLIST_FILE = ZCDatePickerButtonTests/Info.plist;
				LD_RUNPATH_SEARCH_PATHS = "$(inherited) @executable_path/Frameworks @loader_path/Frameworks";
				PRODUCT_NAME = "$(TARGET_NAME)";
				TEST_HOST = "$(BUILT_PRODUCTS_DIR)/ZCDatePickerButton.app/ZCDatePickerButton";
			};
			name = Debug;
		};
		96F07EEE1ABE551700FAAC6E /* Release */ = {
			isa = XCBuildConfiguration;
			buildSettings = {
				BUNDLE_LOADER = "$(TEST_HOST)";
				FRAMEWORK_SEARCH_PATHS = (
					"$(SDKROOT)/Developer/Library/Frameworks",
					"$(inherited)",
				);
				INFOPLIST_FILE = ZCDatePickerButtonTests/Info.plist;
				LD_RUNPATH_SEARCH_PATHS = "$(inherited) @executable_path/Frameworks @loader_path/Frameworks";
				PRODUCT_NAME = "$(TARGET_NAME)";
				TEST_HOST = "$(BUILT_PRODUCTS_DIR)/ZCDatePickerButton.app/ZCDatePickerButton";
			};
			name = Release;
		};
/* End XCBuildConfiguration section */

/* Begin XCConfigurationList section */
		96F07EC11ABE551700FAAC6E /* Build configuration list for PBXProject "ZCDatePickerButton" */ = {
			isa = XCConfigurationList;
			buildConfigurations = (
				96F07EE71ABE551700FAAC6E /* Debug */,
				96F07EE81ABE551700FAAC6E /* Release */,
			);
			defaultConfigurationIsVisible = 0;
			defaultConfigurationName = Release;
		};
		96F07EE91ABE551700FAAC6E /* Build configuration list for PBXNativeTarget "ZCDatePickerButton" */ = {
			isa = XCConfigurationList;
			buildConfigurations = (
				96F07EEA1ABE551700FAAC6E /* Debug */,
				96F07EEB1ABE551700FAAC6E /* Release */,
			);
			defaultConfigurationIsVisible = 0;
		};
		96F07EEC1ABE551700FAAC6E /* Build configuration list for PBXNativeTarget "ZCDatePickerButtonTests" */ = {
			isa = XCConfigurationList;
			buildConfigurations = (
				96F07EED1ABE551700FAAC6E /* Debug */,
				96F07EEE1ABE551700FAAC6E /* Release */,
			);
			defaultConfigurationIsVisible = 0;
		};
/* End XCConfigurationList section */
	};
	rootObject = 96F07EBE1ABE551700FAAC6E /* Project object */;
}
